PODS:
  - YJLibBaseModule (1.0.0):
    - YJLibBaseModule/Core (= 1.0.0)
  - YJLibBaseModule/Core (1.0.0)

DEPENDENCIES:
  - YJLibBaseModule (from `../`)

EXTERNAL SOURCES:
  YJLibBaseModule:
    :path: "../"

SPEC CHECKSUMS:
  YJLibBaseModule: cec2f384da02972d0bc8e529d39f49480784c10f

PODFILE CHECKSUM: b3ae21f9ac4e4502a80696024c46c03ce275aae7

COCOAPODS: 1.7.0.beta.1
